
Microsoft Visual Studio Solution File, Format Version 12.00
# Visual Studio Version 17
VisualStudioVersion = 17.0.31919.166
MinimumVisualStudioVersion = 10.0.40219.1
Project("{FAE04EC0-301F-11D3-BF4B-00C04F79EFBC}") = "OpenSilverApplication.ExpressionBlend", "OpenSilverApplication.ExpressionBlend\OpenSilverApplication.ExpressionBlend\OpenSilverApplication.ExpressionBlend.csproj", "{FBDB43D8-E463-4CFD-A087-3A263261793B}"
EndProject
Project("{FAE04EC0-301F-11D3-BF4B-00C04F79EFBC}") = "OpenSilverApplication.ExpressionBlend.Browser", "OpenSilverApplication.ExpressionBlend\OpenSilverApplication.ExpressionBlend.Browser\OpenSilverApplication.ExpressionBlend.Browser.csproj", "{CECA786B-34A0-49A0-828C-A62B1F1419C6}"
EndProject
Project("{FAE04EC0-301F-11D3-BF4B-00C04F79EFBC}") = "OpenSilverApplication.ExpressionBlend.Simulator", "OpenSilverApplication.ExpressionBlend\OpenSilverApplication.ExpressionBlend.Simulator\OpenSilverApplication.ExpressionBlend.Simulator.csproj", "{2F5F20D0-D517-41E1-9AE8-3DBC7DEEB20F}"
EndProject
Global
	GlobalSection(SolutionConfigurationPlatforms) = preSolution
		Debug|Any CPU = Debug|Any CPU
		Release|Any CPU = Release|Any CPU
	EndGlobalSection
	GlobalSection(ProjectConfigurationPlatforms) = postSolution
		{FBDB43D8-E463-4CFD-A087-3A263261793B}.Debug|Any CPU.ActiveCfg = Debug|Any CPU
		{FBDB43D8-E463-4CFD-A087-3A263261793B}.Debug|Any CPU.Build.0 = Debug|Any CPU
		{FBDB43D8-E463-4CFD-A087-3A263261793B}.Release|Any CPU.ActiveCfg = Release|Any CPU
		{FBDB43D8-E463-4CFD-A087-3A263261793B}.Release|Any CPU.Build.0 = Release|Any CPU
		{CECA786B-34A0-49A0-828C-A62B1F1419C6}.Debug|Any CPU.ActiveCfg = Debug|Any CPU
		{CECA786B-34A0-49A0-828C-A62B1F1419C6}.Debug|Any CPU.Build.0 = Debug|Any CPU
		{CECA786B-34A0-49A0-828C-A62B1F1419C6}.Release|Any CPU.ActiveCfg = Release|Any CPU
		{CECA786B-34A0-49A0-828C-A62B1F1419C6}.Release|Any CPU.Build.0 = Release|Any CPU
		{2F5F20D0-D517-41E1-9AE8-3DBC7DEEB20F}.Debug|Any CPU.ActiveCfg = Debug|Any CPU
		{2F5F20D0-D517-41E1-9AE8-3DBC7DEEB20F}.Debug|Any CPU.Build.0 = Debug|Any CPU
		{2F5F20D0-D517-41E1-9AE8-3DBC7DEEB20F}.Release|Any CPU.ActiveCfg = Release|Any CPU
		{2F5F20D0-D517-41E1-9AE8-3DBC7DEEB20F}.Release|Any CPU.Build.0 = Release|Any CPU
	EndGlobalSection
	GlobalSection(SolutionProperties) = preSolution
		HideSolutionNode = FALSE
	EndGlobalSection
	GlobalSection(ExtensibilityGlobals) = postSolution
		SolutionGuid = {62B839EB-BADE-4913-9046-0A4E97FF49CA}
	EndGlobalSection
EndGlobal
